
Microsoft Visual Studio Solution File, Format Version 12.00
# Visual Studio Version 17
VisualStudioVersion = 17.4.33403.182
MinimumVisualStudioVersion = 10.0.40219.1
Project("{9A19103F-16F7-4668-BE54-9A1E7A4F7556}") = "CtrlVideoPlayerCore", "CtrlVideoPlayerCore.csproj", "{6CA99EA2-0D62-4EA0-94D3-4236EF4F57A4}"
EndProject
Global
	GlobalSection(SolutionConfigurationPlatforms) = preSolution
		Debug|Any CPU = Debug|Any CPU
		Release|Any CPU = Release|Any CPU
	EndGlobalSection
	GlobalSection(ProjectConfigurationPlatforms) = postSolution
		{6CA99EA2-0D62-4EA0-94D3-4236EF4F57A4}.Debug|Any CPU.ActiveCfg = Debug|Any CPU
		{6CA99EA2-0D62-4EA0-94D3-4236EF4F57A4}.Debug|Any CPU.Build.0 = Debug|Any CPU
		{6CA99EA2-0D62-4EA0-94D3-4236EF4F57A4}.Release|Any CPU.ActiveCfg = Release|Any CPU
		{6CA99EA2-0D62-4EA0-94D3-4236EF4F57A4}.Release|Any CPU.Build.0 = Release|Any CPU
	EndGlobalSection
	GlobalSection(SolutionProperties) = preSolution
		HideSolutionNode = FALSE
	EndGlobalSection
	GlobalSection(ExtensibilityGlobals) = postSolution
		SolutionGuid = {786FD49C-A4A0-4363-94FE-541F4A3D5B06}
	EndGlobalSection
EndGlobal
