
Microsoft Visual Studio Solution File, Format Version 12.00
# Visual Studio Version 17
VisualStudioVersion = 17.0.31919.166
MinimumVisualStudioVersion = 10.0.40219.1
Project("{FAE04EC0-301F-11D3-BF4B-00C04F79EFBC}") = "MsgInnerNet", "MsgInnerNet.csproj", "{561F41C7-6DE5-45B0-AA6D-8F6BFF0D6F3F}"
EndProject
Project("{FAE04EC0-301F-11D3-BF4B-00C04F79EFBC}") = "MsgInnerService", "..\MsgInnerService\MsgInnerService.csproj", "{1BF622DA-883E-4460-B52F-5EFECD7A5A0D}"
EndProject
Project("{FAE04EC0-301F-11D3-BF4B-00C04F79EFBC}") = "MsgInnerWorkerService", "..\MsgInnerWorkerService\MsgInnerWorkerService.csproj", "{6FDF0EF9-5103-43C4-B399-BB660A204468}"
EndProject
Project("{FAE04EC0-301F-11D3-BF4B-00C04F79EFBC}") = "Entities", "..\Entities\Entities.csproj", "{2E17B2ED-6E7A-4D80-92D1-C4B0CD8F8A4D}"
EndProject
Global
	GlobalSection(SolutionConfigurationPlatforms) = preSolution
		Debug|Any CPU = Debug|Any CPU
		Release|Any CPU = Release|Any CPU
	EndGlobalSection
	GlobalSection(ProjectConfigurationPlatforms) = postSolution
		{561F41C7-6DE5-45B0-AA6D-8F6BFF0D6F3F}.Debug|Any CPU.ActiveCfg = Debug|Any CPU
		{561F41C7-6DE5-45B0-AA6D-8F6BFF0D6F3F}.Debug|Any CPU.Build.0 = Debug|Any CPU
		{561F41C7-6DE5-45B0-AA6D-8F6BFF0D6F3F}.Release|Any CPU.ActiveCfg = Release|Any CPU
		{561F41C7-6DE5-45B0-AA6D-8F6BFF0D6F3F}.Release|Any CPU.Build.0 = Release|Any CPU
		{1BF622DA-883E-4460-B52F-5EFECD7A5A0D}.Debug|Any CPU.ActiveCfg = Debug|Any CPU
		{1BF622DA-883E-4460-B52F-5EFECD7A5A0D}.Debug|Any CPU.Build.0 = Debug|Any CPU
		{1BF622DA-883E-4460-B52F-5EFECD7A5A0D}.Release|Any CPU.ActiveCfg = Release|Any CPU
		{1BF622DA-883E-4460-B52F-5EFECD7A5A0D}.Release|Any CPU.Build.0 = Release|Any CPU
		{6FDF0EF9-5103-43C4-B399-BB660A204468}.Debug|Any CPU.ActiveCfg = Debug|Any CPU
		{6FDF0EF9-5103-43C4-B399-BB660A204468}.Debug|Any CPU.Build.0 = Debug|Any CPU
		{6FDF0EF9-5103-43C4-B399-BB660A204468}.Release|Any CPU.ActiveCfg = Release|Any CPU
		{6FDF0EF9-5103-43C4-B399-BB660A204468}.Release|Any CPU.Build.0 = Release|Any CPU
		{2E17B2ED-6E7A-4D80-92D1-C4B0CD8F8A4D}.Debug|Any CPU.ActiveCfg = Debug|Any CPU
		{2E17B2ED-6E7A-4D80-92D1-C4B0CD8F8A4D}.Debug|Any CPU.Build.0 = Debug|Any CPU
		{2E17B2ED-6E7A-4D80-92D1-C4B0CD8F8A4D}.Release|Any CPU.ActiveCfg = Release|Any CPU
		{2E17B2ED-6E7A-4D80-92D1-C4B0CD8F8A4D}.Release|Any CPU.Build.0 = Release|Any CPU
	EndGlobalSection
	GlobalSection(SolutionProperties) = preSolution
		HideSolutionNode = FALSE
	EndGlobalSection
	GlobalSection(ExtensibilityGlobals) = postSolution
		SolutionGuid = {D45ACAF1-D523-40B1-BA55-D246FC7DAD32}
	EndGlobalSection
EndGlobal
